{
  "lockfileVersion": 1,
  "configVersion": 1,
  "workspaces": {
    "": {
      "name": "zipcodetw",
      "devDependencies": {
        "@types/bun": "latest",
        "@types/node": "^25.0.3",
        "oxfmt": "^0.63.0",
      },
    },
    "packages/demo": {
      "name": "zipcodetw-demo",
      "version": "1.0.0",
      "dependencies": {
        "zipcodetw": "workspace:*",
      },
      "devDependencies": {
        "@types/bun": "latest",
      },
    },
    "packages/zipcodetw": {
      "name": "zipcodetw",
      "version": "1.0.0",
      "devDependencies": {
        "@types/bun": "latest",
        "chevrotain": "^11.1.0",
      },
    },
  },
  "packages": {
    "@chevrotain/cst-dts-gen": ["@chevrotain/cst-dts-gen@11.1.0", "", { "dependencies": { "@chevrotain/gast": "11.1.0", "@chevrotain/types": "11.1.0", "lodash-es": "4.17.21" } }, "sha512-Sa/G9XD23V4StfHMeQNnXbFmj8CsYUBmf+L895/hKm0RFDhxAfHzV6e58NA8j5ninntT5yqMzBW8QEbYxLkNUw=="],

    "@chevrotain/gast": ["@chevrotain/gast@11.1.0", "", { "dependencies": { "@chevrotain/types": "11.1.0", "lodash-es": "4.17.21" } }, "sha512-0fyRYDFneUhbyV6k22R6bBY02+FasLqcxXYVt8z51IWTZ10l2Z2Lc0hiPTgm8MNRbYZnDbNv78b9zY5DoIJKjQ=="],

    "@chevrotain/regexp-to-ast": ["@chevrotain/regexp-to-ast@11.1.0", "", {}, "sha512-3rW046uSp36liIAc/5G6A6h3gGbDN1eONpmJQpybIb+G2kSz0BNRc9ziT4DYrCUUbgNLd6bNVROqN9r7ZaajYg=="],

    "@chevrotain/types": ["@chevrotain/types@11.1.0", "", {}, "sha512-GXni/dwJAkClMfwCtrbGU19RXQ9O76hFxq3sgy/zufXNj3ov6J/8FOWIXxJLhnKx7gzSweATmRccjlpmr5W2nA=="],

    "@chevrotain/utils": ["@chevrotain/utils@11.1.0", "", {}, "sha512-DrS2yldzFnjmBV0O/kDngcFxWuqg2FdmUpaD6KyTmgIIE6lR53dq80R/Zz+o6LpUrXsLJk192kXuaeIPic4WVg=="],

    "@oxfmt/binding-android-arm-eabi": ["@oxfmt/binding-android-arm-eabi@0.63.0", "", { "os": "android", "cpu": "arm" }, "sha512-YmRth4ZPGgEXcgmkhvANbC9uD67dxmSobW7DQuyt5tOBOKvPnIpk5SVHBj88E+7wMNRI2FhqaDbOhQFBix+b8A=="],

    "@oxfmt/binding-android-arm64": ["@oxfmt/binding-android-arm64@0.63.0", "", { "os": "android", "cpu": "arm64" }, "sha512-icbahX8X2X3sRamOMecvdYeZXWjPDazRDIfvWfy7Ca1nc/ZDT2Y9k5Nt7s46EqFd7NQPdgk+CM3/SgIT5LPCaQ=="],

    "@oxfmt/binding-darwin-arm64": ["@oxfmt/binding-darwin-arm64@0.63.0", "", { "os": "darwin", "cpu": "arm64" }, "sha512-WV+Ze5v5gI2qoj8jpAovt8KBTW8pjEz/AiMXXjeTQS+Bmf/MmZXTS40S8xNPDszX+W8WDv2Bbk6qKrMTtUGu1A=="],

    "@oxfmt/binding-darwin-x64": ["@oxfmt/binding-darwin-x64@0.63.0", "", { "os": "darwin", "cpu": "x64" }, "sha512-CJGSBdDxXOWIpoFXHpverimCvz084KA7L483rqJ44c3jDtzv6d4qOSoR/V9ywSHfV+Ks1lwIj2P49BFhunLNAA=="],

    "@oxfmt/binding-freebsd-x64": ["@oxfmt/binding-freebsd-x64@0.63.0", "", { "os": "freebsd", "cpu": "x64" }, "sha512-BDfKY+KhL2078cgswBBFQPAYuxCy93bS/iC5frdSeSbTLcGrR6VC2hsuPTanoJmg84+wSyWl0wWC1eR+uTnkRg=="],

    "@oxfmt/binding-linux-arm-gnueabihf": ["@oxfmt/binding-linux-arm-gnueabihf@0.63.0", "", { "os": "linux", "cpu": "arm" }, "sha512-Ov1cQEXT4mj7cojAokWSS1eoxkoyvbDfAbxNsGIKY2o36kvdAaFzPxRN6NxFRk9fD72B8oCoTTX/NuYTUWlpsg=="],

    "@oxfmt/binding-linux-arm-musleabihf": ["@oxfmt/binding-linux-arm-musleabihf@0.63.0", "", { "os": "linux", "cpu": "arm" }, "sha512-0LE7ro3+6L79jcMANycAZfRaC7zxr9YZ2+vEL5uMD9QlEep+rS/r1kSJsnuLl991NXJZD60euh0PC1GHrR20vw=="],

    "@oxfmt/binding-linux-arm64-gnu": ["@oxfmt/binding-linux-arm64-gnu@0.63.0", "", { "os": "linux", "cpu": "arm64" }, "sha512-izPk+2Z4gjuZK32Fqh5qXoMpT/2NXzLh++ob57HiEiVSQZ1iYXu8EKMzb+K5AvWyIEXhdDIt7ADjGGtFhkT9Bw=="],

    "@oxfmt/binding-linux-arm64-musl": ["@oxfmt/binding-linux-arm64-musl@0.63.0", "", { "os": "linux", "cpu": "arm64" }, "sha512-alPmbOuWXFXiSo+lOtv6X71C7SYMEDW2WVvywOvf9BwKgEhSNGhMTLeFVSjKUMCamcjbbgVdsWF8GN1uy8xshg=="],

    "@oxfmt/binding-linux-ppc64-gnu": ["@oxfmt/binding-linux-ppc64-gnu@0.63.0", "", { "os": "linux", "cpu": "ppc64" }, "sha512-BdzCPvolJc4AWZ+YMzgUDJcDzbQWrFjYuqBHoNHNqP1aCaluQRJNs4k3vNU5IG7vTpjf9zeD73D7MFM1TecZpg=="],

    "@oxfmt/binding-linux-riscv64-gnu": ["@oxfmt/binding-linux-riscv64-gnu@0.63.0", "", { "os": "linux", "cpu": "none" }, "sha512-7sIgfLzqtNKSkMGsGVyRpHwpjNezRg2XONvUOheFZs95TSZpM0JAuPpA8KrQFsWc4wPU95roX2O69JgH8igOgw=="],

    "@oxfmt/binding-linux-riscv64-musl": ["@oxfmt/binding-linux-riscv64-musl@0.63.0", "", { "os": "linux", "cpu": "none" }, "sha512-9Tcg0y0WcVa6Mm9AgcgFMseDS+VkFJZpKZ8We9SpDY4gg5jewSwln+0sO04QLcTS1BtfDl9MwR+NfID8L7PUTg=="],

    "@oxfmt/binding-linux-s390x-gnu": ["@oxfmt/binding-linux-s390x-gnu@0.63.0", "", { "os": "linux", "cpu": "s390x" }, "sha512-qWKC1pEOpx1qYhXaugPhHUeXwSfqEOk2wJH2LqVXGPV5iQYfdAZdt+d2XDiX4DTSWA2QDMUcFB+wEORh3Xn/sA=="],

    "@oxfmt/binding-linux-x64-gnu": ["@oxfmt/binding-linux-x64-gnu@0.63.0", "", { "os": "linux", "cpu": "x64" }, "sha512-S9wXYOiGSqYGS4Fx/TFsY+xDd/7dE5s+rUgbA4TsHiVF9e8J3ZcKmP7dsP/7iqLI9Wz7Ic7TzEr3mdthRCTdrA=="],

    "@oxfmt/binding-linux-x64-musl": ["@oxfmt/binding-linux-x64-musl@0.63.0", "", { "os": "linux", "cpu": "x64" }, "sha512-5eGyTJuMZNwBSHCivXt8Yuta6GeTYksOPXRk2MIhajiyFGQx7bjaHIwY+ZusAoFHhT157A9x6sktLjYo9D5oMQ=="],

    "@oxfmt/binding-openharmony-arm64": ["@oxfmt/binding-openharmony-arm64@0.63.0", "", { "os": "none", "cpu": "arm64" }, "sha512-Rz7hx+Dv3DoW/S6pwVAyjfFXp7/trdQ1zg+vNmsdsdDNlUccugp4XNqambSuEAeP0DaG9k72AtNyfDXCEg0AGw=="],

    "@oxfmt/binding-win32-arm64-msvc": ["@oxfmt/binding-win32-arm64-msvc@0.63.0", "", { "os": "win32", "cpu": "arm64" }, "sha512-T/IuizKN9mr4Xw6YYnptkXRNdLkyIlUZ7c8zfTOBpoytZyJ1BAsMUvsMDEx0X4YvSMpaivm+DR8112rQfzC25g=="],

    "@oxfmt/binding-win32-ia32-msvc": ["@oxfmt/binding-win32-ia32-msvc@0.63.0", "", { "os": "win32", "cpu": "ia32" }, "sha512-XjrO5FJ5Wl9vsAxtCP1G/eaeT6y1K2s9CICUHGE42cEjou32/J6S+B1KnrOAboj6E7uhJnwPbRSvznWcxNdA0g=="],

    "@oxfmt/binding-win32-x64-msvc": ["@oxfmt/binding-win32-x64-msvc@0.63.0", "", { "os": "win32", "cpu": "x64" }, "sha512-sgsHCQy432OTQH4Ikk3tZptp3GqwnhwUDuY0loBH41zyHWfMZY9v8Dy78wsnSofHejvFozZGgJgBB1A0LQRwMQ=="],

    "@types/bun": ["@types/bun@1.3.5", "", { "dependencies": { "bun-types": "1.3.5" } }, "sha512-RnygCqNrd3srIPEWBd5LFeUYG7plCoH2Yw9WaZGyNmdTEei+gWaHqydbaIRkIkcbXwhBT94q78QljxN0Sk838w=="],

    "@types/node": ["@types/node@25.0.3", "", { "dependencies": { "undici-types": "~7.16.0" } }, "sha512-W609buLVRVmeW693xKfzHeIV6nJGGz98uCPfeXI1ELMLXVeKYZ9m15fAMSaUPBHYLGFsVRcMmSCksQOrZV9BYA=="],

    "bun-types": ["bun-types@1.3.5", "", { "dependencies": { "@types/node": "*" } }, "sha512-inmAYe2PFLs0SUbFOWSVD24sg1jFlMPxOjOSSCYqUgn4Hsc3rDc7dFvfVYjFPNHtov6kgUeulV4SxbuIV/stPw=="],

    "chevrotain": ["chevrotain@11.1.0", "", { "dependencies": { "@chevrotain/cst-dts-gen": "11.1.0", "@chevrotain/gast": "11.1.0", "@chevrotain/regexp-to-ast": "11.1.0", "@chevrotain/types": "11.1.0", "@chevrotain/utils": "11.1.0", "lodash-es": "4.17.21" } }, "sha512-BqwSf3RDQlHQ+EyWqTLDd23IwJ3clav6QyNQM4FNj0RF2/HfXESPjrApKkEstV5jbyJtUB8U4zrUFdLd2Cx1oA=="],

    "lodash-es": ["lodash-es@4.17.21", "", {}, "sha512-mKnC+QJ9pWVzv+C4/U3rRsHapFfHvQFoFB92e52xeyGMcX6/OlIl78je1u8vePzYZSkkogMPJ2yjxxsb89cxyw=="],

    "oxfmt": ["oxfmt@0.63.0", "", { "dependencies": { "tinypool": "2.1.0" }, "optionalDependencies": { "@oxfmt/binding-android-arm-eabi": "0.63.0", "@oxfmt/binding-android-arm64": "0.63.0", "@oxfmt/binding-darwin-arm64": "0.63.0", "@oxfmt/binding-darwin-x64": "0.63.0", "@oxfmt/binding-freebsd-x64": "0.63.0", "@oxfmt/binding-linux-arm-gnueabihf": "0.63.0", "@oxfmt/binding-linux-arm-musleabihf": "0.63.0", "@oxfmt/binding-linux-arm64-gnu": "0.63.0", "@oxfmt/binding-linux-arm64-musl": "0.63.0", "@oxfmt/binding-linux-ppc64-gnu": "0.63.0", "@oxfmt/binding-linux-riscv64-gnu": "0.63.0", "@oxfmt/binding-linux-riscv64-musl": "0.63.0", "@oxfmt/binding-linux-s390x-gnu": "0.63.0", "@oxfmt/binding-linux-x64-gnu": "0.63.0", "@oxfmt/binding-linux-x64-musl": "0.63.0", "@oxfmt/binding-openharmony-arm64": "0.63.0", "@oxfmt/binding-win32-arm64-msvc": "0.63.0", "@oxfmt/binding-win32-ia32-msvc": "0.63.0", "@oxfmt/binding-win32-x64-msvc": "0.63.0" }, "peerDependencies": { "svelte": "^5.0.0", "vite-plus": "*" }, "optionalPeers": ["svelte", "vite-plus"], "bin": { "oxfmt": "bin/oxfmt" } }, "sha512-kgdDwv35wvVf6554U2Ab8Jnd0zTM+TsEQWwaB70RAjK3gICFAFGO+2Hd3Be27GMoXj3XRL9IKSNRVl7KBQL6iw=="],

    "tinypool": ["tinypool@2.1.0", "", {}, "sha512-Pugqs6M0m7Lv1I7FtxN4aoyToKg1C4tu+/381vH35y8oENM/Ai7f7C4StcoK4/+BSw9ebcS8jRiVrORFKCALLw=="],

    "undici-types": ["undici-types@7.16.0", "", {}, "sha512-Zz+aZWSj8LE6zoxD+xrjh4VfkIG8Ya6LvYkZqtUQGJPZjYl53ypCaUwWqo7eI0x66KBGeRo+mlBEkMSeSZ38Nw=="],

    "zipcodetw": ["zipcodetw@workspace:packages/zipcodetw"],

    "zipcodetw-demo": ["zipcodetw-demo@workspace:packages/demo"],

    "zipcodetw/@types/bun": ["@types/bun@1.3.14", "", { "dependencies": { "bun-types": "1.3.14" } }, "sha512-h1hFqFVcvAvD9j9K7ZW7vd82aSA+rTdznZa+5bwvCwqSB1jmmfLcbIWhOLx1/+boy/xmjgCs/OMUL8hRJSmnPw=="],

    "zipcodetw/@types/bun/bun-types": ["bun-types@1.3.14", "", { "dependencies": { "@types/node": "*" } }, "sha512-4N0ig0fEomHt5R0KCFWjovxow98rIoRwKolrYdCcknNwMekCXRnWEUvgu5soYV8QXtVsrUD8B95MBOZGPvr6KQ=="],
  }
}
